github.com/BurntSushi/toml v1.2.1/go.mod h1:CxXYINrC8qIiEnFrOxCa7Jy5BFHlXnUU2pbicEuybxQ=
github.com/BurntSushi/toml v1.4.0 h1:kuoIxZQy2WRRk1pttg9asf+WVv6tWQuBNVmK8+nqPr0=
github.com/BurntSushi/toml v1.4.0/go.mod h1:ukJfTF/6rtPPRCnwkur4qwRxa8vTRFBF0uk2lLoLwho=
github.com/PereverzevIvan/razrabotka-biznes-prilojenii-konditerskaya/backend/gateway/pkg/config_loader v0.0.0-20241029210444-f6d1fe7eb42b h1:mp0dknBRzEd9WEYzb3AiEviI/ZomqdL9lBa4g24BJi0=
github.com/PereverzevIvan/razrabotka-biznes-prilojenii-konditerskaya/backend/gateway/pkg/config_loader v0.0.0-20241029210444-f6d1fe7eb42b/go.mod h1:0taefA4EkH0RDK51dpw/EBWfm0d+XO8tSNfYLVyqni8=
github.com/PereverzevIvan/razrabotka-biznes-prilojenii-konditerskaya/backend/gateway/pkg/config_loader v0.0.0-20241029211231-97580ea827ec h1:wCpfheGGupJvEZinARZL13G42QJix2TSoQ+lMkhfSWM=
github.com/PereverzevIvan/razrabotka-biznes-prilojenii-konditerskaya/backend/gateway/pkg/config_loader v0.0.0-20241029211231-97580ea827ec/go.mod h1:0taefA4EkH0RDK51dpw/EBWfm0d+XO8tSNfYLVyqni8=
github.com/PereverzevIvan/razrabotka-biznes-prilojenii-konditerskaya/backend/gateway/pkg/config_loader v0.0.0-20241030084739-b6dd5881bb08 h1:aobcp9io0SgLUEHl9gij6rOQPyeZDS3qiRLqN2TKuyg=
github.com/PereverzevIvan/razrabotka-biznes-prilojenii-konditerskaya/backend/gateway/pkg/config_loader v0.0.0-20241030084739-b6dd5881bb08/go.mod h1:0taefA4EkH0RDK51dpw/EBWfm0d+XO8tSNfYLVyqni8=
github.com/ilyakaznacheev/cleanenv v1.5.0 h1:0VNZXggJE2OYdXE87bfSSwGxeiGt9moSR2lOrsHHvr4=
github.com/ilyakaznacheev/cleanenv v1.5.0/go.mod h1:a5aDzaJrLCQZsazHol1w8InnDcOX0OColm64SlIi6gk=
github.com/joho/godotenv v1.5.1 h1:7eLL/+HRGLY0ldzfGMeQkb7vMd0as4CfYvUVzLqw0N0=
github.com/joho/godotenv v1.5.1/go.mod h1:f4LDr5Voq0i2e/R5DDNOoa2zzDfwtkZa6DnEwAbqwq4=
gopkg.in/check.v1 v0.0.0-20161208181325-20d25e280405 h1:yhCVgyC4o1eVCa2tZl7eS0r+SDo693bJlVdllGtEeKM=
gopkg.in/check.v1 v0.0.0-20161208181325-20d25e280405/go.mod h1:Co6ibVJAznAaIkqp8huTwlJQCZ016jof/cbN4VW5Yz0=
gopkg.in/yaml.v3 v3.0.1 h1:fxVm/GzAzEWqLHuvctI91KS9hhNmmWOoWu0XTYJS7CA=
gopkg.in/yaml.v3 v3.0.1/go.mod h1:K4uyk7z7BCEPqu6E+C64Yfv1cQ7kz7rIZviUmN+EgEM=
olympos.io/encoding/edn v0.0.0-20201019073823-d3554ca0b0a3 h1:slmdOY3vp8a7KQbHkL+FLbvbkgMqmXojpFUO/jENuqQ=
olympos.io/encoding/edn v0.0.0-20201019073823-d3554ca0b0a3/go.mod h1:oVgVk4OWVDi43qWBEyGhXgYxt7+ED4iYNpTngSLX2Iw=
